
Microsoft Visual Studio Solution File, Format Version 12.00
# Visual Studio Version 17
VisualStudioVersion = 17.6.33723.286
MinimumVisualStudioVersion = 10.0.40219.1
Project("{FAE04EC0-301F-11D3-BF4B-00C04F79EFBC}") = "Sango.CellGame.Console", "Sango.CellGame.Console\Sango.CellGame.Console.csproj", "{88BF3D1B-759D-495C-9685-BE85D8FA24D1}"
EndProject
Project("{FAE04EC0-301F-11D3-BF4B-00C04F79EFBC}") = "Sango.CellGame.Core", "Sango.CellGame.Core\Sango.CellGame.Core.csproj", "{C1932CBC-743E-41B7-9AAC-05EED1A3481F}"
EndProject
Project("{FAE04EC0-301F-11D3-BF4B-00C04F79EFBC}") = "CellGame", "CellGame\CellGame.csproj", "{138971C0-142E-4B5E-AB6F-8BA5C7707CC2}"
EndProject
Global
	GlobalSection(SolutionConfigurationPlatforms) = preSolution
		Debug|Any CPU = Debug|Any CPU
		Release|Any CPU = Release|Any CPU
	EndGlobalSection
	GlobalSection(ProjectConfigurationPlatforms) = postSolution
		{88BF3D1B-759D-495C-9685-BE85D8FA24D1}.Debug|Any CPU.ActiveCfg = Debug|Any CPU
		{88BF3D1B-759D-495C-9685-BE85D8FA24D1}.Debug|Any CPU.Build.0 = Debug|Any CPU
		{88BF3D1B-759D-495C-9685-BE85D8FA24D1}.Release|Any CPU.ActiveCfg = Release|Any CPU
		{88BF3D1B-759D-495C-9685-BE85D8FA24D1}.Release|Any CPU.Build.0 = Release|Any CPU
		{C1932CBC-743E-41B7-9AAC-05EED1A3481F}.Debug|Any CPU.ActiveCfg = Debug|Any CPU
		{C1932CBC-743E-41B7-9AAC-05EED1A3481F}.Debug|Any CPU.Build.0 = Debug|Any CPU
		{C1932CBC-743E-41B7-9AAC-05EED1A3481F}.Release|Any CPU.ActiveCfg = Release|Any CPU
		{C1932CBC-743E-41B7-9AAC-05EED1A3481F}.Release|Any CPU.Build.0 = Release|Any CPU
		{138971C0-142E-4B5E-AB6F-8BA5C7707CC2}.Debug|Any CPU.ActiveCfg = Debug|Any CPU
		{138971C0-142E-4B5E-AB6F-8BA5C7707CC2}.Debug|Any CPU.Build.0 = Debug|Any CPU
		{138971C0-142E-4B5E-AB6F-8BA5C7707CC2}.Release|Any CPU.ActiveCfg = Release|Any CPU
		{138971C0-142E-4B5E-AB6F-8BA5C7707CC2}.Release|Any CPU.Build.0 = Release|Any CPU
	EndGlobalSection
	GlobalSection(SolutionProperties) = preSolution
		HideSolutionNode = FALSE
	EndGlobalSection
	GlobalSection(ExtensibilityGlobals) = postSolution
		SolutionGuid = {9F4AED22-834B-42CF-B753-0389A15E9F12}
	EndGlobalSection
EndGlobal
